
Microsoft Visual Studio Solution File, Format Version 12.00
# Visual Studio Version 16
VisualStudioVersion = 16.0.34114.132
MinimumVisualStudioVersion = 10.0.40219.1
Project("{FAE04EC0-301F-11D3-BF4B-00C04F79EFBC}") = "MyPrac4", "MyPrac4\MyPrac4.csproj", "{C5799DFE-1EED-417D-8B7E-DEB6532BAAEC}"
EndProject
Global
	GlobalSection(SolutionConfigurationPlatforms) = preSolution
		Debug|Any CPU = Debug|Any CPU
		Release|Any CPU = Release|Any CPU
	EndGlobalSection
	GlobalSection(ProjectConfigurationPlatforms) = postSolution
		{C5799DFE-1EED-417D-8B7E-DEB6532BAAEC}.Debug|Any CPU.ActiveCfg = Debug|Any CPU
		{C5799DFE-1EED-417D-8B7E-DEB6532BAAEC}.Debug|Any CPU.Build.0 = Debug|Any CPU
		{C5799DFE-1EED-417D-8B7E-DEB6532BAAEC}.Release|Any CPU.ActiveCfg = Release|Any CPU
		{C5799DFE-1EED-417D-8B7E-DEB6532BAAEC}.Release|Any CPU.Build.0 = Release|Any CPU
	EndGlobalSection
	GlobalSection(SolutionProperties) = preSolution
		HideSolutionNode = FALSE
	EndGlobalSection
	GlobalSection(ExtensibilityGlobals) = postSolution
		SolutionGuid = {5366CEBE-7252-4FDA-A5FD-5D09DAB2344B}
	EndGlobalSection
EndGlobal
